
Microsoft Visual Studio Solution File, Format Version 12.00
# Visual Studio Version 17
VisualStudioVersion = 17.2.32526.322
MinimumVisualStudioVersion = 10.0.40219.1
Project("{9A19103F-16F7-4668-BE54-9A1E7A4F7556}") = "Practice.Web", "Practice.Web\Practice.Web.csproj", "{A8FD81BC-96AE-4879-B327-C57B3F302E6C}"
EndProject
Project("{9A19103F-16F7-4668-BE54-9A1E7A4F7556}") = "Practice.DataAccess", "Practice.DataAccess\Practice.DataAccess.csproj", "{C74EBFFB-2A9E-4969-9E40-B1E00F8DA861}"
EndProject
Project("{9A19103F-16F7-4668-BE54-9A1E7A4F7556}") = "Practice.Service", "Practice.Service\Practice.Service.csproj", "{4F47B487-A7A7-4B2B-9348-65B79E3EE1CC}"
EndProject
Project("{2150E333-8FDC-42A3-9474-1A3956D46DE8}") = "Solution Items", "Solution Items", "{8588D7A7-B492-4EC2-BE21-7CB11EDB93D3}"
	ProjectSection(SolutionItems) = preProject
		.editorconfig = .editorconfig
	EndProjectSection
EndProject
Global
	GlobalSection(SolutionConfigurationPlatforms) = preSolution
		Debug|Any CPU = Debug|Any CPU
		Release|Any CPU = Release|Any CPU
	EndGlobalSection
	GlobalSection(ProjectConfigurationPlatforms) = postSolution
		{A8FD81BC-96AE-4879-B327-C57B3F302E6C}.Debug|Any CPU.ActiveCfg = Debug|Any CPU
		{A8FD81BC-96AE-4879-B327-C57B3F302E6C}.Debug|Any CPU.Build.0 = Debug|Any CPU
		{A8FD81BC-96AE-4879-B327-C57B3F302E6C}.Release|Any CPU.ActiveCfg = Release|Any CPU
		{A8FD81BC-96AE-4879-B327-C57B3F302E6C}.Release|Any CPU.Build.0 = Release|Any CPU
		{C74EBFFB-2A9E-4969-9E40-B1E00F8DA861}.Debug|Any CPU.ActiveCfg = Debug|Any CPU
		{C74EBFFB-2A9E-4969-9E40-B1E00F8DA861}.Debug|Any CPU.Build.0 = Debug|Any CPU
		{C74EBFFB-2A9E-4969-9E40-B1E00F8DA861}.Release|Any CPU.ActiveCfg = Release|Any CPU
		{C74EBFFB-2A9E-4969-9E40-B1E00F8DA861}.Release|Any CPU.Build.0 = Release|Any CPU
		{4F47B487-A7A7-4B2B-9348-65B79E3EE1CC}.Debug|Any CPU.ActiveCfg = Debug|Any CPU
		{4F47B487-A7A7-4B2B-9348-65B79E3EE1CC}.Debug|Any CPU.Build.0 = Debug|Any CPU
		{4F47B487-A7A7-4B2B-9348-65B79E3EE1CC}.Release|Any CPU.ActiveCfg = Release|Any CPU
		{4F47B487-A7A7-4B2B-9348-65B79E3EE1CC}.Release|Any CPU.Build.0 = Release|Any CPU
	EndGlobalSection
	GlobalSection(SolutionProperties) = preSolution
		HideSolutionNode = FALSE
	EndGlobalSection
	GlobalSection(ExtensibilityGlobals) = postSolution
		SolutionGuid = {062C0D9B-0285-4061-A902-621844D93665}
	EndGlobalSection
EndGlobal
